<Solution>
  <Project Path="Zeus.Contracts/Zeus.Contracts.csproj" />
  <Project Path="Zeus.Dsp/Zeus.Dsp.csproj" />
  <Project Path="Zeus.Midi/Zeus.Midi.csproj" />
  <Project Path="Zeus.Protocol1/Zeus.Protocol1.csproj" />
  <Project Path="Zeus.Protocol2/Zeus.Protocol2.csproj" />
  <Project Path="Zeus.VirtualRadio/Zeus.VirtualRadio.csproj" />
  <Project Path="Zeus.VirtualRadio.Host/Zeus.VirtualRadio.Host.csproj" />
  <Project Path="Zeus.Server.Hosting/Zeus.Server.Hosting.csproj" />
  <Project Path="Zeus.Plugins.Host.Stub/Zeus.Plugins.Host.Stub.csproj" />
</Solution>
